
Microsoft Visual Studio Solution File, Format Version 12.00
Project("{FAE04EC0-301F-11D3-BF4B-00C04F79EFBC}") = "ZombieGame.Web", "ZombieGame.Web\ZombieGame.Web.csproj", "{D1CC4433-F375-4F59-857E-E25F0606B32E}"
EndProject
Project("{FAE04EC0-301F-11D3-BF4B-00C04F79EFBC}") = "ZombieGame.Business", "ZombieGame.Business\ZombieGame.Business.csproj", "{F5EC939F-938B-49CE-8EF5-AB376856BE58}"
EndProject
Project("{FAE04EC0-301F-11D3-BF4B-00C04F79EFBC}") = "ZombieGame.Data", "ZombieGame.Data\ZombieGame.Data.csproj", "{842AD2CC-B831-4EF0-B0E6-1B320FE5EC8E}"
EndProject
Global
	GlobalSection(SolutionConfigurationPlatforms) = preSolution
		Debug|Any CPU = Debug|Any CPU
		Release|Any CPU = Release|Any CPU
	EndGlobalSection
	GlobalSection(ProjectConfigurationPlatforms) = postSolution
		{D1CC4433-F375-4F59-857E-E25F0606B32E}.Debug|Any CPU.ActiveCfg = Debug|Any CPU
		{D1CC4433-F375-4F59-857E-E25F0606B32E}.Debug|Any CPU.Build.0 = Debug|Any CPU
		{D1CC4433-F375-4F59-857E-E25F0606B32E}.Release|Any CPU.ActiveCfg = Release|Any CPU
		{D1CC4433-F375-4F59-857E-E25F0606B32E}.Release|Any CPU.Build.0 = Release|Any CPU
		{F5EC939F-938B-49CE-8EF5-AB376856BE58}.Debug|Any CPU.ActiveCfg = Debug|Any CPU
		{F5EC939F-938B-49CE-8EF5-AB376856BE58}.Debug|Any CPU.Build.0 = Debug|Any CPU
		{F5EC939F-938B-49CE-8EF5-AB376856BE58}.Release|Any CPU.ActiveCfg = Release|Any CPU
		{F5EC939F-938B-49CE-8EF5-AB376856BE58}.Release|Any CPU.Build.0 = Release|Any CPU
		{842AD2CC-B831-4EF0-B0E6-1B320FE5EC8E}.Debug|Any CPU.ActiveCfg = Debug|Any CPU
		{842AD2CC-B831-4EF0-B0E6-1B320FE5EC8E}.Debug|Any CPU.Build.0 = Debug|Any CPU
		{842AD2CC-B831-4EF0-B0E6-1B320FE5EC8E}.Release|Any CPU.ActiveCfg = Release|Any CPU
		{842AD2CC-B831-4EF0-B0E6-1B320FE5EC8E}.Release|Any CPU.Build.0 = Release|Any CPU
	EndGlobalSection
EndGlobal
